
Microsoft Visual Studio Solution File, Format Version 12.00
# Visual Studio 15
VisualStudioVersion = 15.0.27004.2006
MinimumVisualStudioVersion = 10.0.40219.1
Project("{9092AA53-FB77-4645-B42D-1CCCA6BD08BD}") = "profile", "..\profile.njsproj", "{3A9319E3-CA9B-4216-B3E0-F7C9D2CA39FC}"
EndProject
Global
	GlobalSection(SolutionConfigurationPlatforms) = preSolution
		Debug|Any CPU = Debug|Any CPU
		Release|Any CPU = Release|Any CPU
	EndGlobalSection
	GlobalSection(ProjectConfigurationPlatforms) = postSolution
		{3A9319E3-CA9B-4216-B3E0-F7C9D2CA39FC}.Debug|Any CPU.ActiveCfg = Debug|Any CPU
		{3A9319E3-CA9B-4216-B3E0-F7C9D2CA39FC}.Debug|Any CPU.Build.0 = Debug|Any CPU
		{3A9319E3-CA9B-4216-B3E0-F7C9D2CA39FC}.Release|Any CPU.ActiveCfg = Release|Any CPU
		{3A9319E3-CA9B-4216-B3E0-F7C9D2CA39FC}.Release|Any CPU.Build.0 = Release|Any CPU
	EndGlobalSection
	GlobalSection(SolutionProperties) = preSolution
		HideSolutionNode = FALSE
	EndGlobalSection
	GlobalSection(ExtensibilityGlobals) = postSolution
		SolutionGuid = {03359F31-8819-4D2D-8A08-CF3B7086F122}
	EndGlobalSection
EndGlobal
